
Microsoft Visual Studio Solution File, Format Version 12.00
# Visual Studio Version 17
VisualStudioVersion = 17.0.31903.59
MinimumVisualStudioVersion = 10.0.40219.1
Project("{9A19103F-16F7-4668-BE54-9A1E7A4F7556}") = "Framework", "src\Framework\Framework.csproj", "{4EC5B877-D546-45C4-8D75-0F8FAC3E3D6F}"
EndProject
Project("{9A19103F-16F7-4668-BE54-9A1E7A4F7556}") = "Framework.ApiUI", "src\Framework.ApiUI\Framework.ApiUI.csproj", "{7567CE83-E8E0-470C-B5BF-86C3C0E3F900}"
EndProject
Project("{9A19103F-16F7-4668-BE54-9A1E7A4F7556}") = "Framework.AspNetCore", "src\Framework.AspNetCore\Framework.AspNetCore.csproj", "{EFBBD582-9EA6-4752-A4A3-F346DFEEEF10}"
EndProject
Project("{9A19103F-16F7-4668-BE54-9A1E7A4F7556}") = "Framework.DynamicApi", "src\Framework.DynamicApi\Framework.DynamicApi.csproj", "{B356E33A-9525-4C70-B153-26118362DF29}"
EndProject
Project("{9A19103F-16F7-4668-BE54-9A1E7A4F7556}") = "Framework.Logging", "src\Framework.Logging\Framework.Logging.csproj", "{05BBBEB0-830E-4109-AA53-70F366561327}"
EndProject
Project("{9A19103F-16F7-4668-BE54-9A1E7A4F7556}") = "Framework.MQTT", "src\Framework.MQTT\Framework.MQTT.csproj", "{A18FEB7A-2EC6-415A-A866-A1040F9BBE12}"
EndProject
Project("{9A19103F-16F7-4668-BE54-9A1E7A4F7556}") = "Framework.Mvvm", "src\Framework.Mvvm\Framework.Mvvm.csproj", "{E33A5523-2AE5-4C5A-BEA0-25288F3B548E}"
EndProject
Project("{9A19103F-16F7-4668-BE54-9A1E7A4F7556}") = "Framework.Repository", "src\Framework.Repository\Framework.Repository.csproj", "{D7E8B32E-F489-4B07-8FDB-146A2194A8A7}"
EndProject
Project("{9A19103F-16F7-4668-BE54-9A1E7A4F7556}") = "Framework.SlideCaptcha", "src\Framework.SlideCaptcha\Framework.SlideCaptcha.csproj", "{2EEF1840-6F14-4F0F-9F9D-32D2FD4555B5}"
EndProject
Global
	GlobalSection(SolutionConfigurationPlatforms) = preSolution
		Debug|Any CPU = Debug|Any CPU
		Release|Any CPU = Release|Any CPU
	EndGlobalSection
	GlobalSection(ProjectConfigurationPlatforms) = postSolution
		{4EC5B877-D546-45C4-8D75-0F8FAC3E3D6F}.Debug|Any CPU.ActiveCfg = Debug|Any CPU
		{4EC5B877-D546-45C4-8D75-0F8FAC3E3D6F}.Debug|Any CPU.Build.0 = Debug|Any CPU
		{4EC5B877-D546-45C4-8D75-0F8FAC3E3D6F}.Release|Any CPU.ActiveCfg = Release|Any CPU
		{4EC5B877-D546-45C4-8D75-0F8FAC3E3D6F}.Release|Any CPU.Build.0 = Release|Any CPU
		{7567CE83-E8E0-470C-B5BF-86C3C0E3F900}.Debug|Any CPU.ActiveCfg = Debug|Any CPU
		{7567CE83-E8E0-470C-B5BF-86C3C0E3F900}.Debug|Any CPU.Build.0 = Debug|Any CPU
		{7567CE83-E8E0-470C-B5BF-86C3C0E3F900}.Release|Any CPU.ActiveCfg = Release|Any CPU
		{7567CE83-E8E0-470C-B5BF-86C3C0E3F900}.Release|Any CPU.Build.0 = Release|Any CPU
		{EFBBD582-9EA6-4752-A4A3-F346DFEEEF10}.Debug|Any CPU.ActiveCfg = Debug|Any CPU
		{EFBBD582-9EA6-4752-A4A3-F346DFEEEF10}.Debug|Any CPU.Build.0 = Debug|Any CPU
		{EFBBD582-9EA6-4752-A4A3-F346DFEEEF10}.Release|Any CPU.ActiveCfg = Release|Any CPU
		{EFBBD582-9EA6-4752-A4A3-F346DFEEEF10}.Release|Any CPU.Build.0 = Release|Any CPU
		{B356E33A-9525-4C70-B153-26118362DF29}.Debug|Any CPU.ActiveCfg = Debug|Any CPU
		{B356E33A-9525-4C70-B153-26118362DF29}.Debug|Any CPU.Build.0 = Debug|Any CPU
		{B356E33A-9525-4C70-B153-26118362DF29}.Release|Any CPU.ActiveCfg = Release|Any CPU
		{B356E33A-9525-4C70-B153-26118362DF29}.Release|Any CPU.Build.0 = Release|Any CPU
		{05BBBEB0-830E-4109-AA53-70F366561327}.Debug|Any CPU.ActiveCfg = Debug|Any CPU
		{05BBBEB0-830E-4109-AA53-70F366561327}.Debug|Any CPU.Build.0 = Debug|Any CPU
		{05BBBEB0-830E-4109-AA53-70F366561327}.Release|Any CPU.ActiveCfg = Release|Any CPU
		{05BBBEB0-830E-4109-AA53-70F366561327}.Release|Any CPU.Build.0 = Release|Any CPU
		{A18FEB7A-2EC6-415A-A866-A1040F9BBE12}.Debug|Any CPU.ActiveCfg = Debug|Any CPU
		{A18FEB7A-2EC6-415A-A866-A1040F9BBE12}.Debug|Any CPU.Build.0 = Debug|Any CPU
		{A18FEB7A-2EC6-415A-A866-A1040F9BBE12}.Release|Any CPU.ActiveCfg = Release|Any CPU
		{A18FEB7A-2EC6-415A-A866-A1040F9BBE12}.Release|Any CPU.Build.0 = Release|Any CPU
		{E33A5523-2AE5-4C5A-BEA0-25288F3B548E}.Debug|Any CPU.ActiveCfg = Debug|Any CPU
		{E33A5523-2AE5-4C5A-BEA0-25288F3B548E}.Debug|Any CPU.Build.0 = Debug|Any CPU
		{E33A5523-2AE5-4C5A-BEA0-25288F3B548E}.Release|Any CPU.ActiveCfg = Release|Any CPU
		{E33A5523-2AE5-4C5A-BEA0-25288F3B548E}.Release|Any CPU.Build.0 = Release|Any CPU
		{D7E8B32E-F489-4B07-8FDB-146A2194A8A7}.Debug|Any CPU.ActiveCfg = Debug|Any CPU
		{D7E8B32E-F489-4B07-8FDB-146A2194A8A7}.Debug|Any CPU.Build.0 = Debug|Any CPU
		{D7E8B32E-F489-4B07-8FDB-146A2194A8A7}.Release|Any CPU.ActiveCfg = Release|Any CPU
		{D7E8B32E-F489-4B07-8FDB-146A2194A8A7}.Release|Any CPU.Build.0 = Release|Any CPU
		{2EEF1840-6F14-4F0F-9F9D-32D2FD4555B5}.Debug|Any CPU.ActiveCfg = Debug|Any CPU
		{2EEF1840-6F14-4F0F-9F9D-32D2FD4555B5}.Debug|Any CPU.Build.0 = Debug|Any CPU
		{2EEF1840-6F14-4F0F-9F9D-32D2FD4555B5}.Release|Any CPU.ActiveCfg = Release|Any CPU
		{2EEF1840-6F14-4F0F-9F9D-32D2FD4555B5}.Release|Any CPU.Build.0 = Release|Any CPU
	EndGlobalSection
	GlobalSection(SolutionProperties) = preSolution
		HideSolutionNode = FALSE
	EndGlobalSection
	GlobalSection(ExtensibilityGlobals) = postSolution
		SolutionGuid = {06F658FE-674F-4166-AAB0-FE207619D844}
	EndGlobalSection
EndGlobal
