
Microsoft Visual Studio Solution File, Format Version 12.00
# Visual Studio Version 17
VisualStudioVersion = 17.0.31903.59
MinimumVisualStudioVersion = 10.0.40219.1
Project("{9A19103F-16F7-4668-BE54-9A1E7A4F7556}") = "Framework", "src\Framework\Framework.csproj", "{003D2060-62B7-4736-8BE5-C7C26649C350}"
EndProject
Project("{9A19103F-16F7-4668-BE54-9A1E7A4F7556}") = "Framework.MQTT", "src\Framework.MQTT\Framework.MQTT.csproj", "{788FE4B1-92ED-4ED2-8950-C0AAACEE1275}"
EndProject
Project("{9A19103F-16F7-4668-BE54-9A1E7A4F7556}") = "Framework.Mvvm", "src\Framework.Mvvm\Framework.Mvvm.csproj", "{BE0F4040-4C38-40CE-8AA6-7B8E52D43537}"
EndProject
Project("{9A19103F-16F7-4668-BE54-9A1E7A4F7556}") = "Framework.ApiUI", "src\Framework.ApiUI\Framework.ApiUI.csproj", "{6DF988E0-C46F-4C7D-91C3-23B44551658F}"
EndProject
Project("{9A19103F-16F7-4668-BE54-9A1E7A4F7556}") = "Framework.DynamicApi", "src\Framework.DynamicApi\Framework.DynamicApi.csproj", "{97BDA40E-790E-46FB-B75D-8ECD7EC7433B}"
EndProject
Project("{9A19103F-16F7-4668-BE54-9A1E7A4F7556}") = "Framework.Repository", "src\Framework.Repository\Framework.Repository.csproj", "{B8084A38-8123-4ECB-9377-43DDFE287F98}"
EndProject
Project("{9A19103F-16F7-4668-BE54-9A1E7A4F7556}") = "Framework.AspNetCore", "src\Framework.AspNetCore\Framework.AspNetCore.csproj", "{A80192D7-7F67-4324-82AE-3FEAB51CE5D0}"
EndProject
Project("{9A19103F-16F7-4668-BE54-9A1E7A4F7556}") = "Framework.AspNetCore.Middleware", "src\Framework.AspNetCore.Middleware\Framework.AspNetCore.Middleware.csproj", "{520FD0E4-14A9-4F57-BE58-1B15E4B70B74}"
EndProject
Project("{9A19103F-16F7-4668-BE54-9A1E7A4F7556}") = "Framework.Logging", "src\Framework.Logging\Framework.Logging.csproj", "{6C409FAA-037A-44D2-A99A-50DB97E792F9}"
EndProject
Project("{9A19103F-16F7-4668-BE54-9A1E7A4F7556}") = "Framework.SlideCaptcha", "src\Framework.SlideCaptcha\Framework.SlideCaptcha.csproj", "{F470A768-F402-4473-AC01-75FDFAA97C29}"
EndProject
Project("{2150E333-8FDC-42A3-9474-1A3956D46DE8}") = "Document", "Document", "{CA5D6978-3B64-4149-B34C-0DCCED18BC0C}"
	ProjectSection(SolutionItems) = preProject
		.gitattributes = .gitattributes
		.gitignore = .gitignore
		Directory.Build.props = Directory.Build.props
		Directory.Build.targets = Directory.Build.targets
		Directory.Packages.props = Directory.Packages.props
		Readme.md = Readme.md
	EndProjectSection
EndProject
Project("{9A19103F-16F7-4668-BE54-9A1E7A4F7556}") = "Framework.Net", "src\Framework.Net\Framework.Net.csproj", "{847BBFBB-E03A-4366-87D3-2E00C28F5C36}"
EndProject
Global
	GlobalSection(SolutionConfigurationPlatforms) = preSolution
		Debug|Any CPU = Debug|Any CPU
		Release|Any CPU = Release|Any CPU
	EndGlobalSection
	GlobalSection(ProjectConfigurationPlatforms) = postSolution
		{003D2060-62B7-4736-8BE5-C7C26649C350}.Debug|Any CPU.ActiveCfg = Debug|Any CPU
		{003D2060-62B7-4736-8BE5-C7C26649C350}.Debug|Any CPU.Build.0 = Debug|Any CPU
		{003D2060-62B7-4736-8BE5-C7C26649C350}.Release|Any CPU.ActiveCfg = Release|Any CPU
		{003D2060-62B7-4736-8BE5-C7C26649C350}.Release|Any CPU.Build.0 = Release|Any CPU
		{788FE4B1-92ED-4ED2-8950-C0AAACEE1275}.Debug|Any CPU.ActiveCfg = Debug|Any CPU
		{788FE4B1-92ED-4ED2-8950-C0AAACEE1275}.Debug|Any CPU.Build.0 = Debug|Any CPU
		{788FE4B1-92ED-4ED2-8950-C0AAACEE1275}.Release|Any CPU.ActiveCfg = Release|Any CPU
		{788FE4B1-92ED-4ED2-8950-C0AAACEE1275}.Release|Any CPU.Build.0 = Release|Any CPU
		{BE0F4040-4C38-40CE-8AA6-7B8E52D43537}.Debug|Any CPU.ActiveCfg = Debug|Any CPU
		{BE0F4040-4C38-40CE-8AA6-7B8E52D43537}.Debug|Any CPU.Build.0 = Debug|Any CPU
		{BE0F4040-4C38-40CE-8AA6-7B8E52D43537}.Release|Any CPU.ActiveCfg = Release|Any CPU
		{BE0F4040-4C38-40CE-8AA6-7B8E52D43537}.Release|Any CPU.Build.0 = Release|Any CPU
		{6DF988E0-C46F-4C7D-91C3-23B44551658F}.Debug|Any CPU.ActiveCfg = Debug|Any CPU
		{6DF988E0-C46F-4C7D-91C3-23B44551658F}.Debug|Any CPU.Build.0 = Debug|Any CPU
		{6DF988E0-C46F-4C7D-91C3-23B44551658F}.Release|Any CPU.ActiveCfg = Release|Any CPU
		{6DF988E0-C46F-4C7D-91C3-23B44551658F}.Release|Any CPU.Build.0 = Release|Any CPU
		{97BDA40E-790E-46FB-B75D-8ECD7EC7433B}.Debug|Any CPU.ActiveCfg = Debug|Any CPU
		{97BDA40E-790E-46FB-B75D-8ECD7EC7433B}.Debug|Any CPU.Build.0 = Debug|Any CPU
		{97BDA40E-790E-46FB-B75D-8ECD7EC7433B}.Release|Any CPU.ActiveCfg = Release|Any CPU
		{97BDA40E-790E-46FB-B75D-8ECD7EC7433B}.Release|Any CPU.Build.0 = Release|Any CPU
		{B8084A38-8123-4ECB-9377-43DDFE287F98}.Debug|Any CPU.ActiveCfg = Debug|Any CPU
		{B8084A38-8123-4ECB-9377-43DDFE287F98}.Debug|Any CPU.Build.0 = Debug|Any CPU
		{B8084A38-8123-4ECB-9377-43DDFE287F98}.Release|Any CPU.ActiveCfg = Release|Any CPU
		{B8084A38-8123-4ECB-9377-43DDFE287F98}.Release|Any CPU.Build.0 = Release|Any CPU
		{A80192D7-7F67-4324-82AE-3FEAB51CE5D0}.Debug|Any CPU.ActiveCfg = Debug|Any CPU
		{A80192D7-7F67-4324-82AE-3FEAB51CE5D0}.Debug|Any CPU.Build.0 = Debug|Any CPU
		{A80192D7-7F67-4324-82AE-3FEAB51CE5D0}.Release|Any CPU.ActiveCfg = Release|Any CPU
		{A80192D7-7F67-4324-82AE-3FEAB51CE5D0}.Release|Any CPU.Build.0 = Release|Any CPU
		{520FD0E4-14A9-4F57-BE58-1B15E4B70B74}.Debug|Any CPU.ActiveCfg = Debug|Any CPU
		{520FD0E4-14A9-4F57-BE58-1B15E4B70B74}.Debug|Any CPU.Build.0 = Debug|Any CPU
		{520FD0E4-14A9-4F57-BE58-1B15E4B70B74}.Release|Any CPU.ActiveCfg = Release|Any CPU
		{520FD0E4-14A9-4F57-BE58-1B15E4B70B74}.Release|Any CPU.Build.0 = Release|Any CPU
		{6C409FAA-037A-44D2-A99A-50DB97E792F9}.Debug|Any CPU.ActiveCfg = Debug|Any CPU
		{6C409FAA-037A-44D2-A99A-50DB97E792F9}.Debug|Any CPU.Build.0 = Debug|Any CPU
		{6C409FAA-037A-44D2-A99A-50DB97E792F9}.Release|Any CPU.ActiveCfg = Release|Any CPU
		{6C409FAA-037A-44D2-A99A-50DB97E792F9}.Release|Any CPU.Build.0 = Release|Any CPU
		{F470A768-F402-4473-AC01-75FDFAA97C29}.Debug|Any CPU.ActiveCfg = Debug|Any CPU
		{F470A768-F402-4473-AC01-75FDFAA97C29}.Debug|Any CPU.Build.0 = Debug|Any CPU
		{F470A768-F402-4473-AC01-75FDFAA97C29}.Release|Any CPU.ActiveCfg = Release|Any CPU
		{F470A768-F402-4473-AC01-75FDFAA97C29}.Release|Any CPU.Build.0 = Release|Any CPU
		{847BBFBB-E03A-4366-87D3-2E00C28F5C36}.Debug|Any CPU.ActiveCfg = Debug|Any CPU
		{847BBFBB-E03A-4366-87D3-2E00C28F5C36}.Debug|Any CPU.Build.0 = Debug|Any CPU
		{847BBFBB-E03A-4366-87D3-2E00C28F5C36}.Release|Any CPU.ActiveCfg = Release|Any CPU
		{847BBFBB-E03A-4366-87D3-2E00C28F5C36}.Release|Any CPU.Build.0 = Release|Any CPU
	EndGlobalSection
	GlobalSection(SolutionProperties) = preSolution
		HideSolutionNode = FALSE
	EndGlobalSection
	GlobalSection(ExtensibilityGlobals) = postSolution
		SolutionGuid = {06F658FE-674F-4166-AAB0-FE207619D844}
	EndGlobalSection
EndGlobal
